
Microsoft Visual Studio Solution File, Format Version 12.00
# Visual Studio Version 17
VisualStudioVersion = 17.3.32922.545
MinimumVisualStudioVersion = 10.0.40219.1
Project("{FAE04EC0-301F-11D3-BF4B-00C04F79EFBC}") = "Ejercicio1.Android", "Ejercicio1\Ejercicio1.Android\Ejercicio1.Android.csproj", "{06F23FE2-F2DF-4445-A66E-D3C675A32441}"
EndProject
Project("{FAE04EC0-301F-11D3-BF4B-00C04F79EFBC}") = "Ejercicio1", "Ejercicio1\Ejercicio1\Ejercicio1.csproj", "{87D42805-68A6-48D4-AEBC-2DF31811D433}"
EndProject
Global
	GlobalSection(SolutionConfigurationPlatforms) = preSolution
		Debug|Any CPU = Debug|Any CPU
		Release|Any CPU = Release|Any CPU
	EndGlobalSection
	GlobalSection(ProjectConfigurationPlatforms) = postSolution
		{06F23FE2-F2DF-4445-A66E-D3C675A32441}.Debug|Any CPU.ActiveCfg = Debug|Any CPU
		{06F23FE2-F2DF-4445-A66E-D3C675A32441}.Debug|Any CPU.Build.0 = Debug|Any CPU
		{06F23FE2-F2DF-4445-A66E-D3C675A32441}.Debug|Any CPU.Deploy.0 = Debug|Any CPU
		{06F23FE2-F2DF-4445-A66E-D3C675A32441}.Release|Any CPU.ActiveCfg = Release|Any CPU
		{06F23FE2-F2DF-4445-A66E-D3C675A32441}.Release|Any CPU.Build.0 = Release|Any CPU
		{06F23FE2-F2DF-4445-A66E-D3C675A32441}.Release|Any CPU.Deploy.0 = Release|Any CPU
		{87D42805-68A6-48D4-AEBC-2DF31811D433}.Debug|Any CPU.ActiveCfg = Debug|Any CPU
		{87D42805-68A6-48D4-AEBC-2DF31811D433}.Debug|Any CPU.Build.0 = Debug|Any CPU
		{87D42805-68A6-48D4-AEBC-2DF31811D433}.Debug|Any CPU.Deploy.0 = Debug|Any CPU
		{87D42805-68A6-48D4-AEBC-2DF31811D433}.Release|Any CPU.ActiveCfg = Release|Any CPU
		{87D42805-68A6-48D4-AEBC-2DF31811D433}.Release|Any CPU.Build.0 = Release|Any CPU
		{87D42805-68A6-48D4-AEBC-2DF31811D433}.Release|Any CPU.Deploy.0 = Release|Any CPU
	EndGlobalSection
	GlobalSection(SolutionProperties) = preSolution
		HideSolutionNode = FALSE
	EndGlobalSection
	GlobalSection(ExtensibilityGlobals) = postSolution
		SolutionGuid = {4A8C255E-D877-48A4-9789-C335413CBBED}
	EndGlobalSection
EndGlobal
